
Microsoft Visual Studio Solution File, Format Version 12.00
# Visual Studio Version 16
VisualStudioVersion = 16.0.31605.320
MinimumVisualStudioVersion = 10.0.40219.1
Project("{9A19103F-16F7-4668-BE54-9A1E7A4F7556}") = "FP.TimeTracker.WebApi", "FP.TimeTracker.WebApi\FP.TimeTracker.WebApi.csproj", "{FE2DD383-E5F7-4D90-9AC8-C9AB9A9DA9E5}"
EndProject
Project("{9A19103F-16F7-4668-BE54-9A1E7A4F7556}") = "FP.TimeTracker.Mvc", "FP.TimeTracker.Mvc\FP.TimeTracker.Mvc.csproj", "{F6C33FB3-51FD-4EC3-9139-9C5ABBB3334A}"
EndProject
Project("{9A19103F-16F7-4668-BE54-9A1E7A4F7556}") = "FP.TimeTracker.Dto", "FP.TimeTracker.Dto\FP.TimeTracker.Dto.csproj", "{7E419039-E0A8-4F30-8868-F0872FE1896C}"
EndProject
Project("{FAE04EC0-301F-11D3-BF4B-00C04F79EFBC}") = "FP.TimeTracker.WebApiUnitTest", "FP.TimeTracker.WebApiUnitTest\FP.TimeTracker.WebApiUnitTest.csproj", "{DC7D31AE-137E-45A6-A43D-60D08A81E552}"
EndProject
Global
	GlobalSection(SolutionConfigurationPlatforms) = preSolution
		Debug|Any CPU = Debug|Any CPU
		Release|Any CPU = Release|Any CPU
	EndGlobalSection
	GlobalSection(ProjectConfigurationPlatforms) = postSolution
		{FE2DD383-E5F7-4D90-9AC8-C9AB9A9DA9E5}.Debug|Any CPU.ActiveCfg = Debug|Any CPU
		{FE2DD383-E5F7-4D90-9AC8-C9AB9A9DA9E5}.Debug|Any CPU.Build.0 = Debug|Any CPU
		{FE2DD383-E5F7-4D90-9AC8-C9AB9A9DA9E5}.Release|Any CPU.ActiveCfg = Release|Any CPU
		{FE2DD383-E5F7-4D90-9AC8-C9AB9A9DA9E5}.Release|Any CPU.Build.0 = Release|Any CPU
		{F6C33FB3-51FD-4EC3-9139-9C5ABBB3334A}.Debug|Any CPU.ActiveCfg = Debug|Any CPU
		{F6C33FB3-51FD-4EC3-9139-9C5ABBB3334A}.Debug|Any CPU.Build.0 = Debug|Any CPU
		{F6C33FB3-51FD-4EC3-9139-9C5ABBB3334A}.Release|Any CPU.ActiveCfg = Release|Any CPU
		{F6C33FB3-51FD-4EC3-9139-9C5ABBB3334A}.Release|Any CPU.Build.0 = Release|Any CPU
		{7E419039-E0A8-4F30-8868-F0872FE1896C}.Debug|Any CPU.ActiveCfg = Debug|Any CPU
		{7E419039-E0A8-4F30-8868-F0872FE1896C}.Debug|Any CPU.Build.0 = Debug|Any CPU
		{7E419039-E0A8-4F30-8868-F0872FE1896C}.Release|Any CPU.ActiveCfg = Release|Any CPU
		{7E419039-E0A8-4F30-8868-F0872FE1896C}.Release|Any CPU.Build.0 = Release|Any CPU
		{DC7D31AE-137E-45A6-A43D-60D08A81E552}.Debug|Any CPU.ActiveCfg = Debug|Any CPU
		{DC7D31AE-137E-45A6-A43D-60D08A81E552}.Debug|Any CPU.Build.0 = Debug|Any CPU
		{DC7D31AE-137E-45A6-A43D-60D08A81E552}.Release|Any CPU.ActiveCfg = Release|Any CPU
		{DC7D31AE-137E-45A6-A43D-60D08A81E552}.Release|Any CPU.Build.0 = Release|Any CPU
	EndGlobalSection
	GlobalSection(SolutionProperties) = preSolution
		HideSolutionNode = FALSE
	EndGlobalSection
	GlobalSection(ExtensibilityGlobals) = postSolution
		SolutionGuid = {4B9A664A-4E4B-45CE-B732-573B156473C4}
	EndGlobalSection
EndGlobal
